
Microsoft Visual Studio Solution File, Format Version 12.00
# Visual Studio Version 16
VisualStudioVersion = 16.0.30503.244
MinimumVisualStudioVersion = 10.0.40219.1
Project("{FAE04EC0-301F-11D3-BF4B-00C04F79EFBC}") = "PlayingCards", "PlayingCards\PlayingCards.csproj", "{B686E49E-253D-4F09-9FB6-64E4A6DA0486}"
EndProject
Global
	GlobalSection(SolutionConfigurationPlatforms) = preSolution
		Debug|Any CPU = Debug|Any CPU
		Release|Any CPU = Release|Any CPU
	EndGlobalSection
	GlobalSection(ProjectConfigurationPlatforms) = postSolution
		{B686E49E-253D-4F09-9FB6-64E4A6DA0486}.Debug|Any CPU.ActiveCfg = Debug|Any CPU
		{B686E49E-253D-4F09-9FB6-64E4A6DA0486}.Debug|Any CPU.Build.0 = Debug|Any CPU
		{B686E49E-253D-4F09-9FB6-64E4A6DA0486}.Release|Any CPU.ActiveCfg = Release|Any CPU
		{B686E49E-253D-4F09-9FB6-64E4A6DA0486}.Release|Any CPU.Build.0 = Release|Any CPU
	EndGlobalSection
	GlobalSection(SolutionProperties) = preSolution
		HideSolutionNode = FALSE
	EndGlobalSection
	GlobalSection(ExtensibilityGlobals) = postSolution
		SolutionGuid = {C6312A8E-11D8-4608-BFE9-A6E6893709ED}
	EndGlobalSection
EndGlobal
